
Microsoft Visual Studio Solution File, Format Version 12.00
Project("{FAE04EC0-301F-11D3-BF4B-00C04F79EFBC}") = "RecipeApp", "RecipeApp\RecipeApp.csproj", "{81F7161A-A4D1-456F-ABA2-0FC277F693B1}"
EndProject

EndProject
Global
	GlobalSection(SolutionConfigurationPlatforms) = preSolution
		Debug|Any CPU = Debug|Any CPU
		Release|Any CPU = Release|Any CPU
		StyleCheck|Any CPU = StyleCheck|Any CPU
	EndGlobalSection
	GlobalSection(ProjectConfigurationPlatforms) = postSolution
		{81F7161A-A4D1-456F-ABA2-0FC277F693B1}.Debug|Any CPU.ActiveCfg = Debug|Any CPU
		{81F7161A-A4D1-456F-ABA2-0FC277F693B1}.Debug|Any CPU.Build.0 = Debug|Any CPU
		{81F7161A-A4D1-456F-ABA2-0FC277F693B1}.Release|Any CPU.ActiveCfg = Release|Any CPU
		{81F7161A-A4D1-456F-ABA2-0FC277F693B1}.Release|Any CPU.Build.0 = Release|Any CPU
		{81F7161A-A4D1-456F-ABA2-0FC277F693B1}.StyleCheck|Any CPU.ActiveCfg = StyleCheck|Any CPU
		{81F7161A-A4D1-456F-ABA2-0FC277F693B1}.StyleCheck|Any CPU.Build.0 = StyleCheck|Any CPU
	EndGlobalSection
EndGlobal
